{
  "version": 4,
  "terraform_version": "1.5.3",
  "serial": 3,
  "lineage": "e343ad6e-effe-f88b-bea0-1e84894de332",
  "outputs": {
    "role_arn": {
      "value": "arn:aws:iam::542914407561:role/snyk-cloud-role-3b5b3608",
      "type": "string"
    }
  },
  "resources": [
    {
      "mode": "data",
      "type": "aws_iam_policy_document",
      "name": "snyk-iam-policy-document",
      "provider": "provider[\"registry.terraform.io/hashicorp/aws\"]",
      "instances": [
        {
          "schema_version": 0,
          "attributes": {
            "id": "515421332",
            "json": "{\n  \"Version\": \"2012-10-17\",\n  \"Statement\": [\n    {\n      \"Effect\": \"Allow\",\n      \"Action\": \"sts:AssumeRole\",\n      \"Principal\": {\n        \"AWS\": \"arn:aws:iam::370134896156:role/snyk-generate-credentials\"\n      },\n      \"Condition\": {\n        \"StringEquals\": {\n          \"sts:ExternalId\": \"MjhhMjVkMjAtYmI4Yi00MmM5LWJlMjEtMzgxNWViMzY5MzBk\"\n        }\n      }\n    }\n  ]\n}",
            "override_policy_documents": null,
            "policy_id": null,
            "source_policy_documents": null,
            "statement": [
              {
                "actions": [
                  "sts:AssumeRole"
                ],
                "condition": [
                  {
                    "test": "StringEquals",
                    "values": [
                      "MjhhMjVkMjAtYmI4Yi00MmM5LWJlMjEtMzgxNWViMzY5MzBk"
                    ],
                    "variable": "sts:ExternalId"
                  }
                ],
                "effect": "Allow",
                "not_actions": [],
                "not_principals": [],
                "not_resources": [],
                "principals": [
                  {
                    "identifiers": [
                      "arn:aws:iam::370134896156:role/snyk-generate-credentials"
                    ],
                    "type": "AWS"
                  }
                ],
                "resources": [],
                "sid": ""
              }
            ],
            "version": "2012-10-17"
          },
          "sensitive_attributes": []
        }
      ]
    },
    {
      "mode": "managed",
      "type": "aws_iam_role",
      "name": "snyk-iam-role",
      "provider": "provider[\"registry.terraform.io/hashicorp/aws\"]",
      "instances": [
        {
          "schema_version": 0,
          "attributes": {
            "arn": "arn:aws:iam::542914407561:role/snyk-cloud-role-3b5b3608",
            "assume_role_policy": "{\"Statement\":[{\"Action\":\"sts:AssumeRole\",\"Condition\":{\"StringEquals\":{\"sts:ExternalId\":\"MjhhMjVkMjAtYmI4Yi00MmM5LWJlMjEtMzgxNWViMzY5MzBk\"}},\"Effect\":\"Allow\",\"Principal\":{\"AWS\":\"arn:aws:iam::370134896156:role/snyk-generate-credentials\"}}],\"Version\":\"2012-10-17\"}",
            "create_date": "2023-07-22T19:57:53Z",
            "description": "",
            "force_detach_policies": false,
            "id": "snyk-cloud-role-3b5b3608",
            "inline_policy": [
              {
                "name": "Snyk",
                "policy": "{\"Version\":\"2012-10-17\",\"Statement\":[{\"Action\":[\"account:GetAlternateContact\",\"acm-pca:GetCertificateAuthorityCertificate\",\"acm-pca:GetCertificateAuthorityCsr\",\"acm-pca:ListTags\",\"apigateway:GET\",\"athena:GetNamedQuery\",\"athena:GetQueryExecution\",\"athena:GetQueryResults\",\"cloudhsm2:DescribeClusters\",\"cloudwatch:GetDashboard\",\"cloudwatch:ListDashboards\",\"cognito-idp:GetGroup\",\"cognito-idp:GetUserPoolMfaConfig\",\"ds:DescribeConditionalForwarders\",\"ds:ListTagsForResource\",\"elasticfilesystem:DescribeLifecycleConfiguration\",\"elasticfilesystem:DescribeTags\",\"es:GetCompatibleElasticsearchVersions\",\"es:GetUpgradeStatus\",\"glacier:GetVaultNotifications\",\"glacier:ListTagsForVault\",\"glue:GetClassifier\",\"glue:GetConnection\",\"glue:GetConnections\",\"glue:GetCrawler\",\"glue:GetDatabase\",\"glue:GetJob\",\"glue:GetSecurityConfiguration\",\"glue:GetSecurityConfigurations\",\"glue:GetTable\",\"glue:GetTables\",\"glue:GetTags\",\"glue:GetTrigger\",\"glue:GetWorkflow\",\"glue:ListCrawlers\",\"glue:ListJobs\",\"glue:ListTriggers\",\"glue:ListWorkflows\",\"guardduty:DescribeOrganizationConfiguration\",\"lambda:GetAlias\",\"lambda:GetEventSourceMapping\",\"lambda:GetFunction\",\"lambda:GetFunctionCodeSigningConfig\",\"lambda:GetLayerVersion\",\"lambda:GetProvisionedConcurrencyConfig\",\"macie:ListMemberAccounts\",\"macie:ListS3Resources\",\"mediastore:DescribeContainer\",\"mediastore:ListTagsForResource\",\"ram:GetResourceShareAssociations\",\"ram:GetResourceShareInvitations\",\"ram:GetResourceShares\",\"sns:GetPlatformApplicationAttributes\",\"sns:GetSMSAttributes\",\"sns:GetSubscriptionAttributes\",\"ssm:GetDocument\",\"ssm:GetMaintenanceWindow\",\"ssm:GetMaintenanceWindowTask\",\"ssm:GetParameter\",\"ssm:GetParameters\",\"ssm:GetPatchBaseline\",\"states:DescribeStateMachine\",\"states:ListTagsForResource\",\"waf-regional:Get*\",\"waf-regional:List*\",\"waf:Get*\",\"waf:List*\",\"wafv2:Get*\",\"wafv2:List*\"],\"Effect\":\"Allow\",\"Resource\":\"*\"}]}"
              }
            ],
            "managed_policy_arns": [
              "arn:aws:iam::aws:policy/SecurityAudit"
            ],
            "max_session_duration": 3600,
            "name": "snyk-cloud-role-3b5b3608",
            "name_prefix": "",
            "path": "/",
            "permissions_boundary": null,
            "tags": null,
            "tags_all": {},
            "unique_id": "AROAX42BYNSE5DLXOBQH7"
          },
          "sensitive_attributes": [],
          "private": "bnVsbA==",
          "dependencies": [
            "data.aws_iam_policy_document.snyk-iam-policy-document"
          ]
        }
      ]
    },
    {
      "mode": "managed",
      "type": "aws_instance",
      "name": "my_instance",
      "provider": "provider[\"registry.terraform.io/hashicorp/aws\"]",
      "instances": [
        {
          "schema_version": 1,
          "attributes": {
            "ami": "ami-05548f9cecf47b442",
            "arn": "arn:aws:ec2:us-east-1:542914407561:instance/i-0a99320662e25be1e",
            "associate_public_ip_address": true,
            "availability_zone": "us-east-1c",
            "capacity_reservation_specification": [
              {
                "capacity_reservation_preference": "open",
                "capacity_reservation_target": []
              }
            ],
            "cpu_core_count": 1,
            "cpu_options": [
              {
                "amd_sev_snp": "",
                "core_count": 1,
                "threads_per_core": 1
              }
            ],
            "cpu_threads_per_core": 1,
            "credit_specification": [
              {
                "cpu_credits": "standard"
              }
            ],
            "disable_api_stop": false,
            "disable_api_termination": false,
            "ebs_block_device": [],
            "ebs_optimized": false,
            "enclave_options": [
              {
                "enabled": false
              }
            ],
            "ephemeral_block_device": [],
            "get_password_data": false,
            "hibernation": false,
            "host_id": "",
            "host_resource_group_arn": null,
            "iam_instance_profile": "",
            "id": "i-0a99320662e25be1e",
            "instance_initiated_shutdown_behavior": "stop",
            "instance_lifecycle": "",
            "instance_market_options": [],
            "instance_state": "running",
            "instance_type": "t2.micro",
            "ipv6_address_count": 0,
            "ipv6_addresses": [],
            "key_name": "",
            "launch_template": [],
            "maintenance_options": [
              {
                "auto_recovery": "default"
              }
            ],
            "metadata_options": [
              {
                "http_endpoint": "enabled",
                "http_put_response_hop_limit": 2,
                "http_tokens": "required",
                "instance_metadata_tags": "disabled"
              }
            ],
            "monitoring": false,
            "network_interface": [],
            "outpost_arn": "",
            "password_data": "",
            "placement_group": "",
            "placement_partition_number": 0,
            "primary_network_interface_id": "eni-0577abdaaa5a5e36f",
            "private_dns": "ip-172-31-95-71.ec2.internal",
            "private_dns_name_options": [
              {
                "enable_resource_name_dns_a_record": false,
                "enable_resource_name_dns_aaaa_record": false,
                "hostname_type": "ip-name"
              }
            ],
            "private_ip": "172.31.95.71",
            "public_dns": "ec2-44-204-155-246.compute-1.amazonaws.com",
            "public_ip": "44.204.155.246",
            "root_block_device": [
              {
                "delete_on_termination": true,
                "device_name": "/dev/xvda",
                "encrypted": false,
                "iops": 3000,
                "kms_key_id": "",
                "tags": {},
                "throughput": 125,
                "volume_id": "vol-00878d5f9a5f4bfeb",
                "volume_size": 8,
                "volume_type": "gp3"
              }
            ],
            "secondary_private_ips": [],
            "security_groups": [
              "default"
            ],
            "source_dest_check": true,
            "spot_instance_request_id": "",
            "subnet_id": "subnet-00c790b1d943fcdf5",
            "tags": {
              "Name": "EC2_instance_TF_provisioned"
            },
            "tags_all": {
              "Name": "EC2_instance_TF_provisioned"
            },
            "tenancy": "default",
            "timeouts": null,
            "user_data": null,
            "user_data_base64": null,
            "user_data_replace_on_change": false,
            "volume_tags": null,
            "vpc_security_group_ids": [
              "sg-0476734485eb7e642"
            ]
          },
          "sensitive_attributes": [],
          "private": "eyJlMmJmYjczMC1lY2FhLTExZTYtOGY4OC0zNDM2M2JjN2M0YzAiOnsiY3JlYXRlIjo2MDAwMDAwMDAwMDAsImRlbGV0ZSI6MTIwMDAwMDAwMDAwMCwidXBkYXRlIjo2MDAwMDAwMDAwMDB9LCJzY2hlbWFfdmVyc2lvbiI6IjEifQ=="
        }
      ]
    }
  ],
  "check_results": null
}
